
Microsoft Visual Studio Solution File, Format Version 12.00
# Visual Studio 14
VisualStudioVersion = 14.0.25420.1
MinimumVisualStudioVersion = 10.0.40219.1
Project("{FAE04EC0-301F-11D3-BF4B-00C04F79EFBC}") = "17_03_21", "17_03_21\17_03_21.csproj", "{17F92CE7-F1A7-47D5-B54F-CB076DCE52AE}"
EndProject
Global
	GlobalSection(SolutionConfigurationPlatforms) = preSolution
		Debug|Any CPU = Debug|Any CPU
		Release|Any CPU = Release|Any CPU
	EndGlobalSection
	GlobalSection(ProjectConfigurationPlatforms) = postSolution
		{17F92CE7-F1A7-47D5-B54F-CB076DCE52AE}.Debug|Any CPU.ActiveCfg = Debug|Any CPU
		{17F92CE7-F1A7-47D5-B54F-CB076DCE52AE}.Debug|Any CPU.Build.0 = Debug|Any CPU
		{17F92CE7-F1A7-47D5-B54F-CB076DCE52AE}.Release|Any CPU.ActiveCfg = Release|Any CPU
		{17F92CE7-F1A7-47D5-B54F-CB076DCE52AE}.Release|Any CPU.Build.0 = Release|Any CPU
	EndGlobalSection
	GlobalSection(SolutionProperties) = preSolution
		HideSolutionNode = FALSE
	EndGlobalSection
EndGlobal
